
Microsoft Visual Studio Solution File, Format Version 12.00
# Visual Studio Version 17
VisualStudioVersion = 17.11.35327.3
MinimumVisualStudioVersion = 10.0.40219.1
Project("{FAE04EC0-301F-11D3-BF4B-00C04F79EFBC}") = "EComerceTestSamir", "EComerceTestSamir\EComerceTestSamir.csproj", "{DBACBFD1-F11C-4B38-83A7-818B6EFE03B9}"
EndProject
Global
	GlobalSection(SolutionConfigurationPlatforms) = preSolution
		Debug|Any CPU = Debug|Any CPU
		Release|Any CPU = Release|Any CPU
	EndGlobalSection
	GlobalSection(ProjectConfigurationPlatforms) = postSolution
		{DBACBFD1-F11C-4B38-83A7-818B6EFE03B9}.Debug|Any CPU.ActiveCfg = Debug|Any CPU
		{DBACBFD1-F11C-4B38-83A7-818B6EFE03B9}.Debug|Any CPU.Build.0 = Debug|Any CPU
		{DBACBFD1-F11C-4B38-83A7-818B6EFE03B9}.Release|Any CPU.ActiveCfg = Release|Any CPU
		{DBACBFD1-F11C-4B38-83A7-818B6EFE03B9}.Release|Any CPU.Build.0 = Release|Any CPU
	EndGlobalSection
	GlobalSection(SolutionProperties) = preSolution
		HideSolutionNode = FALSE
	EndGlobalSection
	GlobalSection(ExtensibilityGlobals) = postSolution
		SolutionGuid = {557C0220-A2C6-4CF6-98F5-69091EB60F9E}
	EndGlobalSection
EndGlobal
